
Microsoft Visual Studio Solution File, Format Version 12.00
Project("{FAE04EC0-301F-11D3-BF4B-00C04F79EFBC}") = "Unjson", "Unjson\Unjson.csproj", "{829E7500-360A-489C-8765-AE9E752A63F2}"
EndProject
Global
	GlobalSection(SolutionConfigurationPlatforms) = preSolution
		Debug|Any CPU = Debug|Any CPU
		Release|Any CPU = Release|Any CPU
	EndGlobalSection
	GlobalSection(ProjectConfigurationPlatforms) = postSolution
		{829E7500-360A-489C-8765-AE9E752A63F2}.Debug|Any CPU.ActiveCfg = Debug|Any CPU
		{829E7500-360A-489C-8765-AE9E752A63F2}.Debug|Any CPU.Build.0 = Debug|Any CPU
		{829E7500-360A-489C-8765-AE9E752A63F2}.Release|Any CPU.ActiveCfg = Release|Any CPU
		{829E7500-360A-489C-8765-AE9E752A63F2}.Release|Any CPU.Build.0 = Release|Any CPU
	EndGlobalSection
EndGlobal
